
Microsoft Visual Studio Solution File, Format Version 12.00
# Visual Studio Version 17
VisualStudioVersion = 17.10.34928.147
MinimumVisualStudioVersion = 10.0.40219.1
Project("{2150E333-8FDC-42A3-9474-1A3956D46DE8}") = "src", "src", "{E6B9E6E6-5015-4932-8D5C-723C2459E682}"
EndProject
Project("{FAE04EC0-301F-11D3-BF4B-00C04F79EFBC}") = "Consultings.WebUI", "src\Consultings.WebUI\Consultings.WebUI.csproj", "{D4259257-D552-4D47-81B6-F52E2C38B002}"
EndProject
Global
	GlobalSection(SolutionConfigurationPlatforms) = preSolution
		Debug|Any CPU = Debug|Any CPU
		Release|Any CPU = Release|Any CPU
	EndGlobalSection
	GlobalSection(ProjectConfigurationPlatforms) = postSolution
		{D4259257-D552-4D47-81B6-F52E2C38B002}.Debug|Any CPU.ActiveCfg = Debug|Any CPU
		{D4259257-D552-4D47-81B6-F52E2C38B002}.Debug|Any CPU.Build.0 = Debug|Any CPU
		{D4259257-D552-4D47-81B6-F52E2C38B002}.Release|Any CPU.ActiveCfg = Release|Any CPU
		{D4259257-D552-4D47-81B6-F52E2C38B002}.Release|Any CPU.Build.0 = Release|Any CPU
	EndGlobalSection
	GlobalSection(SolutionProperties) = preSolution
		HideSolutionNode = FALSE
	EndGlobalSection
	GlobalSection(NestedProjects) = preSolution
		{D4259257-D552-4D47-81B6-F52E2C38B002} = {E6B9E6E6-5015-4932-8D5C-723C2459E682}
	EndGlobalSection
	GlobalSection(ExtensibilityGlobals) = postSolution
		SolutionGuid = {27887237-5751-4FD1-8F3F-381EC02028E6}
	EndGlobalSection
EndGlobal
